
Microsoft Visual Studio Solution File, Format Version 12.00
# Visual Studio Version 16
VisualStudioVersion = 16.0.31729.503
MinimumVisualStudioVersion = 10.0.40219.1
Project("{9A19103F-16F7-4668-BE54-9A1E7A4F7556}") = "ggLeapAutomationFramework", "ggLeapAutomationFramework.csproj", "{7FC75F83-8564-410F-9657-8772A7DD0F34}"
EndProject
Project("{FAE04EC0-301F-11D3-BF4B-00C04F79EFBC}") = "ggLeapAdminTestProject", "..\ggLeapAdminTestProject\ggLeapAdminTestProject.csproj", "{428CC419-55F3-489E-9BCB-BF94A8E68F97}"
EndProject
Global
	GlobalSection(SolutionConfigurationPlatforms) = preSolution
		Debug|Any CPU = Debug|Any CPU
		Release|Any CPU = Release|Any CPU
	EndGlobalSection
	GlobalSection(ProjectConfigurationPlatforms) = postSolution
		{7FC75F83-8564-410F-9657-8772A7DD0F34}.Debug|Any CPU.ActiveCfg = Debug|Any CPU
		{7FC75F83-8564-410F-9657-8772A7DD0F34}.Debug|Any CPU.Build.0 = Debug|Any CPU
		{7FC75F83-8564-410F-9657-8772A7DD0F34}.Release|Any CPU.ActiveCfg = Release|Any CPU
		{7FC75F83-8564-410F-9657-8772A7DD0F34}.Release|Any CPU.Build.0 = Release|Any CPU
		{428CC419-55F3-489E-9BCB-BF94A8E68F97}.Debug|Any CPU.ActiveCfg = Debug|Any CPU
		{428CC419-55F3-489E-9BCB-BF94A8E68F97}.Debug|Any CPU.Build.0 = Debug|Any CPU
		{428CC419-55F3-489E-9BCB-BF94A8E68F97}.Release|Any CPU.ActiveCfg = Release|Any CPU
		{428CC419-55F3-489E-9BCB-BF94A8E68F97}.Release|Any CPU.Build.0 = Release|Any CPU
	EndGlobalSection
	GlobalSection(SolutionProperties) = preSolution
		HideSolutionNode = FALSE
	EndGlobalSection
	GlobalSection(ExtensibilityGlobals) = postSolution
		SolutionGuid = {D461D2E6-12E2-48AB-845B-5E8D305AC252}
	EndGlobalSection
EndGlobal
